
Microsoft Visual Studio Solution File, Format Version 12.00
# Visual Studio 2013
VisualStudioVersion = 12.0.31101.0
MinimumVisualStudioVersion = 10.0.40219.1
Project("{F184B08F-C81C-45F6-A57F-5ABD9991F28F}") = "WebApiTutsStats", "WebApiTutsStats\WebApiTutsStats.vbproj", "{84F41B61-3079-4562-A212-DD525625A830}"
EndProject
Project("{00000005-0004-0000-0000-000000C0DEF1}") = "RxApi", "RxApi\RxApi.cfxproj", "{B75D5A10-E5BC-4D39-A0D4-E31B74A369EF}"
EndProject
Project("{F184B08F-C81C-45F6-A57F-5ABD9991F28F}") = "RxApiBom", "RxApiBom\RxApiBom.vbproj", "{67A82BE5-D657-4937-9874-695A627866BF}"
EndProject
Global
	GlobalSection(SolutionConfigurationPlatforms) = preSolution
		Debug|.NET = Debug|.NET
		Debug|Any CPU = Debug|Any CPU
		Debug|Mixed Platforms = Debug|Mixed Platforms
		ReleaseAzure|.NET = ReleaseAzure|.NET
		ReleaseAzure|Any CPU = ReleaseAzure|Any CPU
		ReleaseAzure|Mixed Platforms = ReleaseAzure|Mixed Platforms
		ReleaseSmarter|.NET = ReleaseSmarter|.NET
		ReleaseSmarter|Any CPU = ReleaseSmarter|Any CPU
		ReleaseSmarter|Mixed Platforms = ReleaseSmarter|Mixed Platforms
	EndGlobalSection
	GlobalSection(ProjectConfigurationPlatforms) = postSolution
		{84F41B61-3079-4562-A212-DD525625A830}.Debug|.NET.ActiveCfg = Debug|Any CPU
		{84F41B61-3079-4562-A212-DD525625A830}.Debug|Any CPU.ActiveCfg = Debug|Any CPU
		{84F41B61-3079-4562-A212-DD525625A830}.Debug|Any CPU.Build.0 = Debug|Any CPU
		{84F41B61-3079-4562-A212-DD525625A830}.Debug|Mixed Platforms.ActiveCfg = Debug|Any CPU
		{84F41B61-3079-4562-A212-DD525625A830}.Debug|Mixed Platforms.Build.0 = Debug|Any CPU
		{84F41B61-3079-4562-A212-DD525625A830}.ReleaseAzure|.NET.ActiveCfg = ReleaseAzure|Any CPU
		{84F41B61-3079-4562-A212-DD525625A830}.ReleaseAzure|Any CPU.ActiveCfg = ReleaseAzure|Any CPU
		{84F41B61-3079-4562-A212-DD525625A830}.ReleaseAzure|Any CPU.Build.0 = ReleaseAzure|Any CPU
		{84F41B61-3079-4562-A212-DD525625A830}.ReleaseAzure|Mixed Platforms.ActiveCfg = ReleaseAzure|Any CPU
		{84F41B61-3079-4562-A212-DD525625A830}.ReleaseAzure|Mixed Platforms.Build.0 = ReleaseAzure|Any CPU
		{84F41B61-3079-4562-A212-DD525625A830}.ReleaseSmarter|.NET.ActiveCfg = ReleaseSmarter|Any CPU
		{84F41B61-3079-4562-A212-DD525625A830}.ReleaseSmarter|Any CPU.ActiveCfg = ReleaseSmarter|Any CPU
		{84F41B61-3079-4562-A212-DD525625A830}.ReleaseSmarter|Any CPU.Build.0 = ReleaseSmarter|Any CPU
		{84F41B61-3079-4562-A212-DD525625A830}.ReleaseSmarter|Mixed Platforms.ActiveCfg = ReleaseSmarter|Any CPU
		{84F41B61-3079-4562-A212-DD525625A830}.ReleaseSmarter|Mixed Platforms.Build.0 = ReleaseSmarter|Any CPU
		{B75D5A10-E5BC-4D39-A0D4-E31B74A369EF}.Debug|.NET.ActiveCfg = Debug|.NET
		{B75D5A10-E5BC-4D39-A0D4-E31B74A369EF}.Debug|.NET.Build.0 = Debug|.NET
		{B75D5A10-E5BC-4D39-A0D4-E31B74A369EF}.Debug|Any CPU.ActiveCfg = Debug|.NET
		{B75D5A10-E5BC-4D39-A0D4-E31B74A369EF}.Debug|Mixed Platforms.ActiveCfg = Debug|.NET
		{B75D5A10-E5BC-4D39-A0D4-E31B74A369EF}.Debug|Mixed Platforms.Build.0 = Debug|.NET
		{B75D5A10-E5BC-4D39-A0D4-E31B74A369EF}.ReleaseAzure|.NET.ActiveCfg = Release|.NET
		{B75D5A10-E5BC-4D39-A0D4-E31B74A369EF}.ReleaseAzure|.NET.Build.0 = Release|.NET
		{B75D5A10-E5BC-4D39-A0D4-E31B74A369EF}.ReleaseAzure|Any CPU.ActiveCfg = Release|.NET
		{B75D5A10-E5BC-4D39-A0D4-E31B74A369EF}.ReleaseAzure|Mixed Platforms.ActiveCfg = Release|.NET
		{B75D5A10-E5BC-4D39-A0D4-E31B74A369EF}.ReleaseAzure|Mixed Platforms.Build.0 = Release|.NET
		{B75D5A10-E5BC-4D39-A0D4-E31B74A369EF}.ReleaseSmarter|.NET.ActiveCfg = Release|.NET
		{B75D5A10-E5BC-4D39-A0D4-E31B74A369EF}.ReleaseSmarter|.NET.Build.0 = Release|.NET
		{B75D5A10-E5BC-4D39-A0D4-E31B74A369EF}.ReleaseSmarter|Any CPU.ActiveCfg = Release|.NET
		{B75D5A10-E5BC-4D39-A0D4-E31B74A369EF}.ReleaseSmarter|Mixed Platforms.ActiveCfg = Release|.NET
		{B75D5A10-E5BC-4D39-A0D4-E31B74A369EF}.ReleaseSmarter|Mixed Platforms.Build.0 = Release|.NET
		{67A82BE5-D657-4937-9874-695A627866BF}.Debug|.NET.ActiveCfg = Debug|Any CPU
		{67A82BE5-D657-4937-9874-695A627866BF}.Debug|Any CPU.ActiveCfg = Debug|Any CPU
		{67A82BE5-D657-4937-9874-695A627866BF}.Debug|Any CPU.Build.0 = Debug|Any CPU
		{67A82BE5-D657-4937-9874-695A627866BF}.Debug|Mixed Platforms.ActiveCfg = Debug|Any CPU
		{67A82BE5-D657-4937-9874-695A627866BF}.Debug|Mixed Platforms.Build.0 = Debug|Any CPU
		{67A82BE5-D657-4937-9874-695A627866BF}.ReleaseAzure|.NET.ActiveCfg = ReleaseAzure|Any CPU
		{67A82BE5-D657-4937-9874-695A627866BF}.ReleaseAzure|Any CPU.ActiveCfg = ReleaseAzure|Any CPU
		{67A82BE5-D657-4937-9874-695A627866BF}.ReleaseAzure|Any CPU.Build.0 = ReleaseAzure|Any CPU
		{67A82BE5-D657-4937-9874-695A627866BF}.ReleaseAzure|Mixed Platforms.ActiveCfg = ReleaseAzure|Any CPU
		{67A82BE5-D657-4937-9874-695A627866BF}.ReleaseAzure|Mixed Platforms.Build.0 = ReleaseAzure|Any CPU
		{67A82BE5-D657-4937-9874-695A627866BF}.ReleaseSmarter|.NET.ActiveCfg = ReleaseSmarter|Any CPU
		{67A82BE5-D657-4937-9874-695A627866BF}.ReleaseSmarter|Any CPU.ActiveCfg = ReleaseSmarter|Any CPU
		{67A82BE5-D657-4937-9874-695A627866BF}.ReleaseSmarter|Any CPU.Build.0 = ReleaseSmarter|Any CPU
		{67A82BE5-D657-4937-9874-695A627866BF}.ReleaseSmarter|Mixed Platforms.ActiveCfg = ReleaseSmarter|Any CPU
		{67A82BE5-D657-4937-9874-695A627866BF}.ReleaseSmarter|Mixed Platforms.Build.0 = ReleaseSmarter|Any CPU
	EndGlobalSection
	GlobalSection(SolutionProperties) = preSolution
		HideSolutionNode = FALSE
	EndGlobalSection
EndGlobal
